
Microsoft Visual Studio Solution File, Format Version 12.00
# Visual Studio Version 17
VisualStudioVersion = 17.10.35027.167
MinimumVisualStudioVersion = 10.0.40219.1
Project("{FAE04EC0-301F-11D3-BF4B-00C04F79EFBC}") = "MongoDBConsoleApp", "MongoDBConsoleApp.csproj", "{1FB47E56-3CAD-4918-BBCD-1B419DE981CA}"
EndProject
Global
	GlobalSection(SolutionConfigurationPlatforms) = preSolution
		Debug|Any CPU = Debug|Any CPU
		Release|Any CPU = Release|Any CPU
	EndGlobalSection
	GlobalSection(ProjectConfigurationPlatforms) = postSolution
		{1FB47E56-3CAD-4918-BBCD-1B419DE981CA}.Debug|Any CPU.ActiveCfg = Debug|Any CPU
		{1FB47E56-3CAD-4918-BBCD-1B419DE981CA}.Debug|Any CPU.Build.0 = Debug|Any CPU
		{1FB47E56-3CAD-4918-BBCD-1B419DE981CA}.Release|Any CPU.ActiveCfg = Release|Any CPU
		{1FB47E56-3CAD-4918-BBCD-1B419DE981CA}.Release|Any CPU.Build.0 = Release|Any CPU
	EndGlobalSection
	GlobalSection(SolutionProperties) = preSolution
		HideSolutionNode = FALSE
	EndGlobalSection
	GlobalSection(ExtensibilityGlobals) = postSolution
		SolutionGuid = {A0288F76-C893-4E3D-A0C2-39A0508C7DCA}
	EndGlobalSection
EndGlobal
